
Microsoft Visual Studio Solution File, Format Version 12.00
# Visual Studio Version 17
VisualStudioVersion = 17.5.33502.453
MinimumVisualStudioVersion = 10.0.40219.1
Project("{FAE04EC0-301F-11D3-BF4B-00C04F79EFBC}") = "RGU_Sem_4_Lr1.2_Form", "RGU_Sem_4_Lr1.2_Form.csproj", "{F8F1AA81-ADE4-4EF8-A72B-C26C1229C416}"
EndProject
Global
	GlobalSection(SolutionConfigurationPlatforms) = preSolution
		Debug|Any CPU = Debug|Any CPU
		Release|Any CPU = Release|Any CPU
	EndGlobalSection
	GlobalSection(ProjectConfigurationPlatforms) = postSolution
		{F8F1AA81-ADE4-4EF8-A72B-C26C1229C416}.Debug|Any CPU.ActiveCfg = Debug|Any CPU
		{F8F1AA81-ADE4-4EF8-A72B-C26C1229C416}.Debug|Any CPU.Build.0 = Debug|Any CPU
		{F8F1AA81-ADE4-4EF8-A72B-C26C1229C416}.Release|Any CPU.ActiveCfg = Release|Any CPU
		{F8F1AA81-ADE4-4EF8-A72B-C26C1229C416}.Release|Any CPU.Build.0 = Release|Any CPU
	EndGlobalSection
	GlobalSection(SolutionProperties) = preSolution
		HideSolutionNode = FALSE
	EndGlobalSection
	GlobalSection(ExtensibilityGlobals) = postSolution
		SolutionGuid = {84ECCA97-13A0-4538-84AA-962C379487D3}
	EndGlobalSection
EndGlobal
